
Microsoft Visual Studio Solution File, Format Version 12.00
# Visual Studio Version 16
VisualStudioVersion = 16.0.30523.141
MinimumVisualStudioVersion = 10.0.40219.1
Project("{FAE04EC0-301F-11D3-BF4B-00C04F79EFBC}") = "Integration Testing", "Integration Testing.csproj", "{A7D90C2D-D315-4DB0-8490-7DBB8C40D57B}"
EndProject
Global
	GlobalSection(SolutionConfigurationPlatforms) = preSolution
		Debug|Any CPU = Debug|Any CPU
		Release|Any CPU = Release|Any CPU
	EndGlobalSection
	GlobalSection(ProjectConfigurationPlatforms) = postSolution
		{A7D90C2D-D315-4DB0-8490-7DBB8C40D57B}.Debug|Any CPU.ActiveCfg = Debug|Any CPU
		{A7D90C2D-D315-4DB0-8490-7DBB8C40D57B}.Debug|Any CPU.Build.0 = Debug|Any CPU
		{A7D90C2D-D315-4DB0-8490-7DBB8C40D57B}.Release|Any CPU.ActiveCfg = Release|Any CPU
		{A7D90C2D-D315-4DB0-8490-7DBB8C40D57B}.Release|Any CPU.Build.0 = Release|Any CPU
	EndGlobalSection
	GlobalSection(SolutionProperties) = preSolution
		HideSolutionNode = FALSE
	EndGlobalSection
	GlobalSection(ExtensibilityGlobals) = postSolution
		SolutionGuid = {03AFFEBA-3F42-49E7-ABBF-BDC7728B7434}
	EndGlobalSection
EndGlobal
